
Microsoft Visual Studio Solution File, Format Version 12.00
# Visual Studio 15
VisualStudioVersion = 15.0.28307.489
MinimumVisualStudioVersion = 10.0.40219.1
Project("{FAE04EC0-301F-11D3-BF4B-00C04F79EFBC}") = "ASP.NET_Enums", "ASP.NET_Enums\ASP.NET_Enums.csproj", "{096DE54D-C1C1-4FB3-85A7-E1C62075B6CD}"
EndProject
Global
	GlobalSection(SolutionConfigurationPlatforms) = preSolution
		Debug|Any CPU = Debug|Any CPU
		Release|Any CPU = Release|Any CPU
	EndGlobalSection
	GlobalSection(ProjectConfigurationPlatforms) = postSolution
		{096DE54D-C1C1-4FB3-85A7-E1C62075B6CD}.Debug|Any CPU.ActiveCfg = Debug|Any CPU
		{096DE54D-C1C1-4FB3-85A7-E1C62075B6CD}.Debug|Any CPU.Build.0 = Debug|Any CPU
		{096DE54D-C1C1-4FB3-85A7-E1C62075B6CD}.Release|Any CPU.ActiveCfg = Release|Any CPU
		{096DE54D-C1C1-4FB3-85A7-E1C62075B6CD}.Release|Any CPU.Build.0 = Release|Any CPU
	EndGlobalSection
	GlobalSection(SolutionProperties) = preSolution
		HideSolutionNode = FALSE
	EndGlobalSection
	GlobalSection(ExtensibilityGlobals) = postSolution
		SolutionGuid = {463E4C55-D342-4985-AF44-3C13DB086693}
	EndGlobalSection
EndGlobal
